
Microsoft Visual Studio Solution File, Format Version 12.00
# Visual Studio Version 17
VisualStudioVersion = 17.9.34607.119
MinimumVisualStudioVersion = 10.0.40219.1
Project("{FAE04EC0-301F-11D3-BF4B-00C04F79EFBC}") = "Challenger", "Challenger\Challenger.csproj", "{43EA8CB8-061E-4D9A-8D41-05A72D771C7D}"
EndProject
Global
	GlobalSection(SolutionConfigurationPlatforms) = preSolution
		Debug|Any CPU = Debug|Any CPU
		Release|Any CPU = Release|Any CPU
	EndGlobalSection
	GlobalSection(ProjectConfigurationPlatforms) = postSolution
		{43EA8CB8-061E-4D9A-8D41-05A72D771C7D}.Debug|Any CPU.ActiveCfg = Debug|Any CPU
		{43EA8CB8-061E-4D9A-8D41-05A72D771C7D}.Debug|Any CPU.Build.0 = Debug|Any CPU
		{43EA8CB8-061E-4D9A-8D41-05A72D771C7D}.Release|Any CPU.ActiveCfg = Release|Any CPU
		{43EA8CB8-061E-4D9A-8D41-05A72D771C7D}.Release|Any CPU.Build.0 = Release|Any CPU
	EndGlobalSection
	GlobalSection(SolutionProperties) = preSolution
		HideSolutionNode = FALSE
	EndGlobalSection
	GlobalSection(ExtensibilityGlobals) = postSolution
		SolutionGuid = {340EEEE3-46CB-4F43-A0FF-5BA24DA1BDB4}
	EndGlobalSection
EndGlobal
